
Microsoft Visual Studio Solution File, Format Version 12.00
# Visual Studio 14
VisualStudioVersion = 14.0.25123.0
MinimumVisualStudioVersion = 10.0.40219.1
Project("{FAE04EC0-301F-11D3-BF4B-00C04F79EFBC}") = "HalloGitHub", "HalloGitHub\HalloGitHub.csproj", "{B73147D7-531E-4C1B-B009-A986009B2EBA}"
EndProject
Global
	GlobalSection(SolutionConfigurationPlatforms) = preSolution
		Debug|Any CPU = Debug|Any CPU
		Release|Any CPU = Release|Any CPU
	EndGlobalSection
	GlobalSection(ProjectConfigurationPlatforms) = postSolution
		{B73147D7-531E-4C1B-B009-A986009B2EBA}.Debug|Any CPU.ActiveCfg = Debug|Any CPU
		{B73147D7-531E-4C1B-B009-A986009B2EBA}.Debug|Any CPU.Build.0 = Debug|Any CPU
		{B73147D7-531E-4C1B-B009-A986009B2EBA}.Release|Any CPU.ActiveCfg = Release|Any CPU
		{B73147D7-531E-4C1B-B009-A986009B2EBA}.Release|Any CPU.Build.0 = Release|Any CPU
	EndGlobalSection
	GlobalSection(SolutionProperties) = preSolution
		HideSolutionNode = FALSE
	EndGlobalSection
EndGlobal
